
Microsoft Visual Studio Solution File, Format Version 12.00
# Visual Studio Version 17
VisualStudioVersion = 17.3.32901.215
MinimumVisualStudioVersion = 10.0.40219.1
Project("{FAE04EC0-301F-11D3-BF4B-00C04F79EFBC}") = "BlazorSyncfuionComponents.Server", "BlazorSyncfuionComponents\Server\BlazorSyncfuionComponents.Server.csproj", "{39667B6A-CA2A-4EBF-838B-00941A375528}"
EndProject
Project("{FAE04EC0-301F-11D3-BF4B-00C04F79EFBC}") = "BlazorSyncfuionComponents.Client", "BlazorSyncfuionComponents\Client\BlazorSyncfuionComponents.Client.csproj", "{32B5CE62-5032-4528-B324-A3944055E141}"
EndProject
Project("{FAE04EC0-301F-11D3-BF4B-00C04F79EFBC}") = "BlazorSyncfuionComponents.Shared", "BlazorSyncfuionComponents\Shared\BlazorSyncfuionComponents.Shared.csproj", "{AF6B7266-61A5-4180-8542-17900909C24C}"
EndProject
Global
	GlobalSection(SolutionConfigurationPlatforms) = preSolution
		Debug|Any CPU = Debug|Any CPU
		Release|Any CPU = Release|Any CPU
	EndGlobalSection
	GlobalSection(ProjectConfigurationPlatforms) = postSolution
		{39667B6A-CA2A-4EBF-838B-00941A375528}.Debug|Any CPU.ActiveCfg = Debug|Any CPU
		{39667B6A-CA2A-4EBF-838B-00941A375528}.Debug|Any CPU.Build.0 = Debug|Any CPU
		{39667B6A-CA2A-4EBF-838B-00941A375528}.Release|Any CPU.ActiveCfg = Release|Any CPU
		{39667B6A-CA2A-4EBF-838B-00941A375528}.Release|Any CPU.Build.0 = Release|Any CPU
		{32B5CE62-5032-4528-B324-A3944055E141}.Debug|Any CPU.ActiveCfg = Debug|Any CPU
		{32B5CE62-5032-4528-B324-A3944055E141}.Debug|Any CPU.Build.0 = Debug|Any CPU
		{32B5CE62-5032-4528-B324-A3944055E141}.Release|Any CPU.ActiveCfg = Release|Any CPU
		{32B5CE62-5032-4528-B324-A3944055E141}.Release|Any CPU.Build.0 = Release|Any CPU
		{AF6B7266-61A5-4180-8542-17900909C24C}.Debug|Any CPU.ActiveCfg = Debug|Any CPU
		{AF6B7266-61A5-4180-8542-17900909C24C}.Debug|Any CPU.Build.0 = Debug|Any CPU
		{AF6B7266-61A5-4180-8542-17900909C24C}.Release|Any CPU.ActiveCfg = Release|Any CPU
		{AF6B7266-61A5-4180-8542-17900909C24C}.Release|Any CPU.Build.0 = Release|Any CPU
	EndGlobalSection
	GlobalSection(SolutionProperties) = preSolution
		HideSolutionNode = FALSE
	EndGlobalSection
	GlobalSection(ExtensibilityGlobals) = postSolution
		SolutionGuid = {AE9A66F8-145F-4C04-BA4A-2A89B73E5508}
	EndGlobalSection
EndGlobal
